PODS:
  - ESTabBarController (0.2)

DEPENDENCIES:
  - ESTabBarController (= 0.2)

SPEC REPOS:
  https://github.com/cocoapods/specs.git:
    - ESTabBarController

SPEC CHECKSUMS:
  ESTabBarController: e82ac0b135bec16fb646ac1da4ac8953fcd927da

PODFILE CHECKSUM: 720283cb81db98980712ab4ba6cce46ac4c3e4e3

COCOAPODS: 1.7.5
